
Microsoft Visual Studio Solution File, Format Version 12.00
# Visual Studio 15
VisualStudioVersion = 15.0.27004.2005
MinimumVisualStudioVersion = 10.0.40219.1
Project("{9A19103F-16F7-4668-BE54-9A1E7A4F7556}") = "SSR.PL.Web", "src\SSR.PL.Web\SSR.PL.Web.csproj", "{CEA7AF8D-9646-4E7D-AEF1-A2A3F90E66DB}"
EndProject
Global
	GlobalSection(SolutionConfigurationPlatforms) = preSolution
		Debug|Any CPU = Debug|Any CPU
		Release|Any CPU = Release|Any CPU
	EndGlobalSection
	GlobalSection(ProjectConfigurationPlatforms) = postSolution
		{CEA7AF8D-9646-4E7D-AEF1-A2A3F90E66DB}.Debug|Any CPU.ActiveCfg = Debug|Any CPU
		{CEA7AF8D-9646-4E7D-AEF1-A2A3F90E66DB}.Debug|Any CPU.Build.0 = Debug|Any CPU
		{CEA7AF8D-9646-4E7D-AEF1-A2A3F90E66DB}.Release|Any CPU.ActiveCfg = Release|Any CPU
		{CEA7AF8D-9646-4E7D-AEF1-A2A3F90E66DB}.Release|Any CPU.Build.0 = Release|Any CPU
	EndGlobalSection
	GlobalSection(SolutionProperties) = preSolution
		HideSolutionNode = FALSE
	EndGlobalSection
	GlobalSection(ExtensibilityGlobals) = postSolution
		SolutionGuid = {5CAF19D5-34DB-4EEE-B65B-E8F090C851A5}
	EndGlobalSection
EndGlobal
